
Microsoft Visual Studio Solution File, Format Version 12.00
# Visual Studio Version 17
VisualStudioVersion = 17.7.34221.43
MinimumVisualStudioVersion = 10.0.40219.1
Project("{FAE04EC0-301F-11D3-BF4B-00C04F79EFBC}") = "ChocolateApp", "ChocolateApp.csproj", "{E52521B8-9391-4472-921D-A396EFF8D4E2}"
EndProject
Project("{FAE04EC0-301F-11D3-BF4B-00C04F79EFBC}") = "Models", "..\Models\Models.csproj", "{CD48184E-A480-4322-AF45-D35D2365509C}"
EndProject
Project("{FAE04EC0-301F-11D3-BF4B-00C04F79EFBC}") = "FileServices", "..\FileServices\FileServices.csproj", "{326A20AA-69CD-47EB-9A1C-ACF06BC84DF4}"
EndProject
Project("{FAE04EC0-301F-11D3-BF4B-00C04F79EFBC}") = "ManagementServices", "..\ManagementServices\ManagementServices.csproj", "{79036AD0-1CF9-47FF-AD11-879B80B65762}"
EndProject
Project("{FAE04EC0-301F-11D3-BF4B-00C04F79EFBC}") = "LoggingServices", "..\LoggingServices\LoggingServices.csproj", "{E3F5F54B-D8C1-4331-B0F2-47E4D22D2227}"
EndProject
Project("{FAE04EC0-301F-11D3-BF4B-00C04F79EFBC}") = "Core", "..\Core\Core.csproj", "{72BF8F02-BCEC-49E2-95AC-F880DE8148F1}"
EndProject
Global
	GlobalSection(SolutionConfigurationPlatforms) = preSolution
		Debug|Any CPU = Debug|Any CPU
		Release|Any CPU = Release|Any CPU
	EndGlobalSection
	GlobalSection(ProjectConfigurationPlatforms) = postSolution
		{E52521B8-9391-4472-921D-A396EFF8D4E2}.Debug|Any CPU.ActiveCfg = Debug|Any CPU
		{E52521B8-9391-4472-921D-A396EFF8D4E2}.Debug|Any CPU.Build.0 = Debug|Any CPU
		{E52521B8-9391-4472-921D-A396EFF8D4E2}.Release|Any CPU.ActiveCfg = Release|Any CPU
		{E52521B8-9391-4472-921D-A396EFF8D4E2}.Release|Any CPU.Build.0 = Release|Any CPU
		{CD48184E-A480-4322-AF45-D35D2365509C}.Debug|Any CPU.ActiveCfg = Debug|Any CPU
		{CD48184E-A480-4322-AF45-D35D2365509C}.Debug|Any CPU.Build.0 = Debug|Any CPU
		{CD48184E-A480-4322-AF45-D35D2365509C}.Release|Any CPU.ActiveCfg = Release|Any CPU
		{CD48184E-A480-4322-AF45-D35D2365509C}.Release|Any CPU.Build.0 = Release|Any CPU
		{326A20AA-69CD-47EB-9A1C-ACF06BC84DF4}.Debug|Any CPU.ActiveCfg = Debug|Any CPU
		{326A20AA-69CD-47EB-9A1C-ACF06BC84DF4}.Debug|Any CPU.Build.0 = Debug|Any CPU
		{326A20AA-69CD-47EB-9A1C-ACF06BC84DF4}.Release|Any CPU.ActiveCfg = Release|Any CPU
		{326A20AA-69CD-47EB-9A1C-ACF06BC84DF4}.Release|Any CPU.Build.0 = Release|Any CPU
		{79036AD0-1CF9-47FF-AD11-879B80B65762}.Debug|Any CPU.ActiveCfg = Debug|Any CPU
		{79036AD0-1CF9-47FF-AD11-879B80B65762}.Debug|Any CPU.Build.0 = Debug|Any CPU
		{79036AD0-1CF9-47FF-AD11-879B80B65762}.Release|Any CPU.ActiveCfg = Release|Any CPU
		{79036AD0-1CF9-47FF-AD11-879B80B65762}.Release|Any CPU.Build.0 = Release|Any CPU
		{E3F5F54B-D8C1-4331-B0F2-47E4D22D2227}.Debug|Any CPU.ActiveCfg = Debug|Any CPU
		{E3F5F54B-D8C1-4331-B0F2-47E4D22D2227}.Debug|Any CPU.Build.0 = Debug|Any CPU
		{E3F5F54B-D8C1-4331-B0F2-47E4D22D2227}.Release|Any CPU.ActiveCfg = Release|Any CPU
		{E3F5F54B-D8C1-4331-B0F2-47E4D22D2227}.Release|Any CPU.Build.0 = Release|Any CPU
		{72BF8F02-BCEC-49E2-95AC-F880DE8148F1}.Debug|Any CPU.ActiveCfg = Debug|Any CPU
		{72BF8F02-BCEC-49E2-95AC-F880DE8148F1}.Debug|Any CPU.Build.0 = Debug|Any CPU
		{72BF8F02-BCEC-49E2-95AC-F880DE8148F1}.Release|Any CPU.ActiveCfg = Release|Any CPU
		{72BF8F02-BCEC-49E2-95AC-F880DE8148F1}.Release|Any CPU.Build.0 = Release|Any CPU
	EndGlobalSection
	GlobalSection(SolutionProperties) = preSolution
		HideSolutionNode = FALSE
	EndGlobalSection
	GlobalSection(ExtensibilityGlobals) = postSolution
		SolutionGuid = {1F41FA7F-6D96-4586-A25E-6E10CD7773F0}
	EndGlobalSection
EndGlobal
